{
  "nodes": {
    "filter": {
      "locked": {
        "lastModified": 1660220294,
        "narHash": "sha256-l22Z88iegFq7xCLr1/jkgX9svnnWA7kTLgDOAi9iq6k=",
        "owner": "numtide",
        "repo": "nix-filter",
        "rev": "825abbb40ed6b1e5e5fce95e2c21a1f5881ecf61",
        "type": "github"
      },
      "original": {
        "owner": "numtide",
        "repo": "nix-filter",
        "type": "github"
      }
    },
    "filter_2": {
      "locked": {
        "lastModified": 1659352118,
        "narHash": "sha256-X/Tdlj/PYxcQg/1hcHXxdnDr5zLO22LohIudX+oT968=",
        "owner": "numtide",
        "repo": "nix-filter",
        "rev": "3e1fff9ec0112fe5ec61ea7cc6d37c1720d865f8",
        "type": "github"
      },
      "original": {
        "owner": "numtide",
        "repo": "nix-filter",
        "type": "github"
      }
    },
    "nixpkgs": {
      "locked": {
        "lastModified": 1659253578,
        "narHash": "sha256-9xjr2VFCQEpgCKdfZjOhiaLZ/XozLp+Y3UmUn44wYZg=",
        "owner": "NixOS",
        "repo": "nixpkgs",
        "rev": "ede02b4ccb13557b95058d66146640a2b0bb198f",
        "type": "github"
      },
      "original": {
        "owner": "NixOS",
        "ref": "nixos-22.05",
        "repo": "nixpkgs",
        "type": "github"
      }
    },
    "nyarna-zig": {
      "inputs": {
        "filter": "filter_2",
        "nixpkgs": "nixpkgs",
        "utils": "utils",
        "zicross": "zicross"
      },
      "locked": {
        "lastModified": 1661198307,
        "narHash": "sha256-CM6zL13GZ5oNnHqsJ4xrbqCMNa/KUd16eCCk9+AJz7U=",
        "owner": "nyarnalang",
        "repo": "nyarna-zig",
        "rev": "2d96d328ce2ce4c958751286e6140b7d4944d1ea",
        "type": "github"
      },
      "original": {
        "owner": "nyarnalang",
        "repo": "nyarna-zig",
        "type": "github"
      }
    },
    "root": {
      "inputs": {
        "filter": "filter",
        "nyarna-zig": "nyarna-zig",
        "utils": "utils_2"
      }
    },
    "utils": {
      "locked": {
        "lastModified": 1656928814,
        "narHash": "sha256-RIFfgBuKz6Hp89yRr7+NR5tzIAbn52h8vT6vXkYjZoM=",
        "owner": "numtide",
        "repo": "flake-utils",
        "rev": "7e2a3b3dfd9af950a856d66b0a7d01e3c18aa249",
        "type": "github"
      },
      "original": {
        "owner": "numtide",
        "repo": "flake-utils",
        "type": "github"
      }
    },
    "utils_2": {
      "locked": {
        "lastModified": 1659877975,
        "narHash": "sha256-zllb8aq3YO3h8B/U0/J1WBgAL8EX5yWf5pMj3G0NAmc=",
        "owner": "numtide",
        "repo": "flake-utils",
        "rev": "c0e246b9b83f637f4681389ecabcb2681b4f3af0",
        "type": "github"
      },
      "original": {
        "owner": "numtide",
        "repo": "flake-utils",
        "type": "github"
      }
    },
    "zicross": {
      "locked": {
        "lastModified": 1661198086,
        "narHash": "sha256-HAmchTBW3FerYqdIOJdV5DU8upmZ28562/3tZQ1VZ18=",
        "owner": "flyx",
        "repo": "Zicross",
        "rev": "aedde8e9963bb485bd9596315f9cca937f1ab953",
        "type": "github"
      },
      "original": {
        "owner": "flyx",
        "repo": "Zicross",
        "type": "github"
      }
    }
  },
  "root": "root",
  "version": 7
}
